<?xml version="1.0" encoding="utf-8"?>
<Project ToolsVersion="4.0" xmlns="http://schemas.microsoft.com/developer/msbuild/2003">
  <ItemGroup>
    <ClCompile Include="Engine\Engine.cpp">
      <Filter>Engine</Filter>
    </ClCompile>
    <ClCompile Include="Engine\Input.cpp">
      <Filter>Engine</Filter>
    </ClCompile>
    <ClCompile Include="Engine\InputDoodle.cpp">
      <Filter>Engine</Filter>
    </ClCompile>
    <ClCompile Include="Engine\Logger.cpp">
      <Filter>Engine</Filter>
    </ClCompile>
    <ClCompile Include="Engine\Object.cpp">
      <Filter>Engine</Filter>
    </ClCompile>
    <ClCompile Include="Engine\SceneManager.cpp">
      <Filter>Engine</Filter>
    </ClCompile>
    <ClCompile Include="Engine\Texture.cpp">
      <Filter>Engine</Filter>
    </ClCompile>
    <ClCompile Include="Engine\Window.cpp">
      <Filter>Engine</Filter>
    </ClCompile>
    <ClCompile Include="Game\Player.cpp">
      <Filter>Game</Filter>
    </ClCompile>
    <ClCompile Include="Game\Splash.cpp">
      <Filter>Game</Filter>
    </ClCompile>
    <ClCompile Include="Engine\Sprite.cpp">
      <Filter>Game</Filter>
    </ClCompile>
    <ClCompile Include="Game\Stage1.cpp">
      <Filter>Game</Filter>
    </ClCompile>
    <ClCompile Include="Game\Stage2.cpp">
      <Filter>Game</Filter>
    </ClCompile>
    <ClCompile Include="Game\Stage3.cpp">
      <Filter>Game</Filter>
    </ClCompile>
    <ClCompile Include="Game\TestObject.cpp">
      <Filter>Game</Filter>
    </ClCompile>
    <ClCompile Include="Game\TestStage.cpp">
      <Filter>Game</Filter>
    </ClCompile>
    <ClCompile Include="WinMain.cpp">
      <Filter>Main</Filter>
    </ClCompile>
    <ClCompile Include="ConsoleMain.cpp">
      <Filter>Main</Filter>
    </ClCompile>
    <ClCompile Include="Game\Bug.cpp">
      <Filter>Game</Filter>
    </ClCompile>
    <ClCompile Include="Engine\Sound.cpp">
      <Filter>Engine</Filter>
    </ClCompile>
  </ItemGroup>
  <ItemGroup>
    <ClInclude Include="resource.h" />
    <ClInclude Include="Engine\Engine.h">
      <Filter>Engine</Filter>
    </ClInclude>
    <ClInclude Include="Engine\Input.h">
      <Filter>Engine</Filter>
    </ClInclude>
    <ClInclude Include="Engine\Logger.h">
      <Filter>Engine</Filter>
    </ClInclude>
    <ClInclude Include="Engine\Object.h">
      <Filter>Engine</Filter>
    </ClInclude>
    <ClInclude Include="Engine\Scene.h">
      <Filter>Engine</Filter>
    </ClInclude>
    <ClInclude Include="Engine\SceneManager.h">
      <Filter>Engine</Filter>
    </ClInclude>
    <ClInclude Include="Engine\Texture.h">
      <Filter>Engine</Filter>
    </ClInclude>
    <ClInclude Include="Engine\Vec2.h">
      <Filter>Engine</Filter>
    </ClInclude>
    <ClInclude Include="Engine\Window.h">
      <Filter>Engine</Filter>
    </ClInclude>
    <ClInclude Include="Game\Player.h">
      <Filter>Game</Filter>
    </ClInclude>
    <ClInclude Include="Game\Splash.h">
      <Filter>Game</Filter>
    </ClInclude>
    <ClInclude Include="Engine\Sprite.h">
      <Filter>Game</Filter>
    </ClInclude>
    <ClInclude Include="Game\Stage1.h">
      <Filter>Game</Filter>
    </ClInclude>
    <ClInclude Include="Game\Stage2.h">
      <Filter>Game</Filter>
    </ClInclude>
    <ClInclude Include="Game\Stage3.h">
      <Filter>Game</Filter>
    </ClInclude>
    <ClInclude Include="Game\TestObject.h">
      <Filter>Game</Filter>
    </ClInclude>
    <ClInclude Include="Game\TestStage.h">
      <Filter>Game</Filter>
    </ClInclude>
    <ClInclude Include="Game\Bug.h">
      <Filter>Game</Filter>
    </ClInclude>
    <ClInclude Include="Engine\Sound.h">
      <Filter>Engine</Filter>
    </ClInclude>
  </ItemGroup>
  <ItemGroup>
    <ResourceCompile Include="doodle.rc" />
  </ItemGroup>
  <ItemGroup>
    <Image Include="icon1.ico" />
  </ItemGroup>
  <ItemGroup>
    <Filter Include="Engine">
      <UniqueIdentifier>{689090c5-fe93-4bdc-bde8-e8ce1241f3e1}</UniqueIdentifier>
    </Filter>
    <Filter Include="Game">
      <UniqueIdentifier>{6e56cbaa-cbc0-4acb-a5ec-d6e70e63ab21}</UniqueIdentifier>
    </Filter>
    <Filter Include="Main">
      <UniqueIdentifier>{f2e46793-009f-4835-9767-f888bb024ef4}</UniqueIdentifier>
    </Filter>
  </ItemGroup>
  <ItemGroup>
    <None Include="Engine\Vec2.inl">
      <Filter>Engine</Filter>
    </None>
  </ItemGroup>
</Project>